
Microsoft Visual Studio Solution File, Format Version 12.00
# Visual Studio 15
VisualStudioVersion = 15.0.27428.2015
MinimumVisualStudioVersion = 10.0.40219.1
Project("{8BC9CEB8-8B4A-11D0-8D11-00A0C91BC942}") = "Random Number in loop", "Random Number in loop\Random Number in loop.vcxproj", "{881D2F7A-B1D1-403F-82DA-91DB834214FD}"
EndProject
Global
	GlobalSection(SolutionConfigurationPlatforms) = preSolution
		Debug|x64 = Debug|x64
		Debug|x86 = Debug|x86
		Release|x64 = Release|x64
		Release|x86 = Release|x86
	EndGlobalSection
	GlobalSection(ProjectConfigurationPlatforms) = postSolution
		{881D2F7A-B1D1-403F-82DA-91DB834214FD}.Debug|x64.ActiveCfg = Debug|x64
		{881D2F7A-B1D1-403F-82DA-91DB834214FD}.Debug|x64.Build.0 = Debug|x64
		{881D2F7A-B1D1-403F-82DA-91DB834214FD}.Debug|x86.ActiveCfg = Debug|Win32
		{881D2F7A-B1D1-403F-82DA-91DB834214FD}.Debug|x86.Build.0 = Debug|Win32
		{881D2F7A-B1D1-403F-82DA-91DB834214FD}.Release|x64.ActiveCfg = Release|x64
		{881D2F7A-B1D1-403F-82DA-91DB834214FD}.Release|x64.Build.0 = Release|x64
		{881D2F7A-B1D1-403F-82DA-91DB834214FD}.Release|x86.ActiveCfg = Release|Win32
		{881D2F7A-B1D1-403F-82DA-91DB834214FD}.Release|x86.Build.0 = Release|Win32
	EndGlobalSection
	GlobalSection(SolutionProperties) = preSolution
		HideSolutionNode = FALSE
	EndGlobalSection
	GlobalSection(ExtensibilityGlobals) = postSolution
		SolutionGuid = {17ABA643-7DB4-4D5C-821A-447CBBD5DBE8}
	EndGlobalSection
EndGlobal
