
Microsoft Visual Studio Solution File, Format Version 12.00
# Visual Studio 15
VisualStudioVersion = 15.0.27428.2015
MinimumVisualStudioVersion = 10.0.40219.1
Project("{8BC9CEB8-8B4A-11D0-8D11-00A0C91BC942}") = "Coutdown... Liftoff", "Coutdown... Liftoff\Coutdown... Liftoff.vcxproj", "{58A44BE1-76CB-479F-8E86-335992360521}"
EndProject
Global
	GlobalSection(SolutionConfigurationPlatforms) = preSolution
		Debug|x64 = Debug|x64
		Debug|x86 = Debug|x86
		Release|x64 = Release|x64
		Release|x86 = Release|x86
	EndGlobalSection
	GlobalSection(ProjectConfigurationPlatforms) = postSolution
		{58A44BE1-76CB-479F-8E86-335992360521}.Debug|x64.ActiveCfg = Debug|x64
		{58A44BE1-76CB-479F-8E86-335992360521}.Debug|x64.Build.0 = Debug|x64
		{58A44BE1-76CB-479F-8E86-335992360521}.Debug|x86.ActiveCfg = Debug|Win32
		{58A44BE1-76CB-479F-8E86-335992360521}.Debug|x86.Build.0 = Debug|Win32
		{58A44BE1-76CB-479F-8E86-335992360521}.Release|x64.ActiveCfg = Release|x64
		{58A44BE1-76CB-479F-8E86-335992360521}.Release|x64.Build.0 = Release|x64
		{58A44BE1-76CB-479F-8E86-335992360521}.Release|x86.ActiveCfg = Release|Win32
		{58A44BE1-76CB-479F-8E86-335992360521}.Release|x86.Build.0 = Release|Win32
	EndGlobalSection
	GlobalSection(SolutionProperties) = preSolution
		HideSolutionNode = FALSE
	EndGlobalSection
	GlobalSection(ExtensibilityGlobals) = postSolution
		SolutionGuid = {80B8D79A-79F7-4E2D-8ACE-F13F98D47E68}
	EndGlobalSection
EndGlobal
